<?xml version="1.0" encoding="UTF-8" standalone="yes" ?>
<CodeBlocks_project_file>
	<FileVersion major="1" minor="6" />
	<Project>
		<Option title="faiss" />
		<Option pch_mode="2" />
		<Option compiler="gcc" />
		<Build>
			<Target title="Debug">
				<Option output="bin/Debug/faiss" prefix_auto="1" extension_auto="1" />
				<Option object_output="obj/Debug/" />
				<Option type="1" />
				<Option compiler="gcc" />
				<Compiler>
					<Add option="-g" />
				</Compiler>
			</Target>
			<Target title="Release">
				<Option output="bin/Release/faiss" prefix_auto="1" extension_auto="1" />
				<Option object_output="obj/Release/" />
				<Option type="1" />
				<Option compiler="gcc" />
				<Compiler>
					<Add option="-O2" />
				</Compiler>
				<Linker>
					<Add option="-s" />
				</Linker>
			</Target>
		</Build>
		<Compiler>
			<Add option="-Wall" />
		</Compiler>
		<Unit filename=".dockerignore" />
		<Unit filename=".gitignore" />
		<Unit filename="AutoTune.cpp" />
		<Unit filename="AutoTune.h" />
		<Unit filename="AuxIndexStructures.cpp" />
		<Unit filename="AuxIndexStructures.h" />
		<Unit filename="CMakeLists.txt" />
		<Unit filename="CONTRIBUTING.md" />
		<Unit filename="Clustering.cpp" />
		<Unit filename="Clustering.h" />
		<Unit filename="Dockerfile" />
		<Unit filename="FaissAssert.h" />
		<Unit filename="FaissException.cpp" />
		<Unit filename="FaissException.h" />
		<Unit filename="Heap.cpp" />
		<Unit filename="Heap.h" />
		<Unit filename="INSTALL" />
		<Unit filename="Index.cpp" />
		<Unit filename="Index.h" />
		<Unit filename="IndexFlat.cpp" />
		<Unit filename="IndexFlat.h" />
		<Unit filename="IndexIVF.cpp" />
		<Unit filename="IndexIVF.h" />
		<Unit filename="IndexIVFPQ.cpp" />
		<Unit filename="IndexIVFPQ.h" />
		<Unit filename="IndexLSH.cpp" />
		<Unit filename="IndexLSH.h" />
		<Unit filename="IndexPQ.cpp" />
		<Unit filename="IndexPQ.h" />
		<Unit filename="IndexScalarQuantizer.cpp" />
		<Unit filename="IndexScalarQuantizer.h" />
		<Unit filename="LICENSE" />
		<Unit filename="Makefile" />
		<Unit filename="MetaIndexes.cpp" />
		<Unit filename="MetaIndexes.h" />
		<Unit filename="PolysemousTraining.cpp" />
		<Unit filename="PolysemousTraining.h" />
		<Unit filename="ProductQuantizer.cpp" />
		<Unit filename="ProductQuantizer.h" />
		<Unit filename="README.md" />
		<Unit filename="VectorTransform.cpp" />
		<Unit filename="VectorTransform.h" />
		<Unit filename="benchs/README.md" />
		<Unit filename="benchs/bench_gpu_1bn.py" />
		<Unit filename="benchs/bench_gpu_sift1m.py" />
		<Unit filename="benchs/bench_polysemous_1bn.py" />
		<Unit filename="benchs/bench_polysemous_sift1m.py" />
		<Unit filename="benchs/bench_scalar_quantizer.py" />
		<Unit filename="benchs/kmeans_mnist.py" />
		<Unit filename="example_makefiles/makefile.inc.Linux" />
		<Unit filename="example_makefiles/makefile.inc.Mac.brew" />
		<Unit filename="example_makefiles/makefile.inc.Mac.port" />
		<Unit filename="faiss.cscope_file_list" />
		<Unit filename="faiss.h" />
		<Unit filename="faiss.layout" />
		<Unit filename="faiss.py" />
		<Unit filename="faiss.pyc" />
		<Unit filename="filehelper.cpp" />
		<Unit filename="filehelper.h" />
		<Unit filename="gpu/CMakeLists.txt" />
		<Unit filename="gpu/GpuAutoTune.cpp" />
		<Unit filename="gpu/GpuAutoTune.h" />
		<Unit filename="gpu/GpuClonerOptions.cpp" />
		<Unit filename="gpu/GpuClonerOptions.h" />
		<Unit filename="gpu/GpuIndex.cu" />
		<Unit filename="gpu/GpuIndex.h" />
		<Unit filename="gpu/GpuIndexFlat.cu" />
		<Unit filename="gpu/GpuIndexFlat.h" />
		<Unit filename="gpu/GpuIndexIVF.cu" />
		<Unit filename="gpu/GpuIndexIVF.h" />
		<Unit filename="gpu/GpuIndexIVFFlat.cu" />
		<Unit filename="gpu/GpuIndexIVFFlat.h" />
		<Unit filename="gpu/GpuIndexIVFPQ.cu" />
		<Unit filename="gpu/GpuIndexIVFPQ.h" />
		<Unit filename="gpu/GpuIndicesOptions.h" />
		<Unit filename="gpu/GpuResources.cpp" />
		<Unit filename="gpu/GpuResources.h" />
		<Unit filename="gpu/IndexProxy.cpp" />
		<Unit filename="gpu/IndexProxy.h" />
		<Unit filename="gpu/Makefile" />
		<Unit filename="gpu/StandardGpuResources.cpp" />
		<Unit filename="gpu/StandardGpuResources.h" />
		<Unit filename="gpu/impl/BroadcastSum.cu" />
		<Unit filename="gpu/impl/BroadcastSum.cuh" />
		<Unit filename="gpu/impl/Distance.cu" />
		<Unit filename="gpu/impl/Distance.cuh" />
		<Unit filename="gpu/impl/FlatIndex.cu" />
		<Unit filename="gpu/impl/FlatIndex.cuh" />
		<Unit filename="gpu/impl/IVFBase.cu" />
		<Unit filename="gpu/impl/IVFBase.cuh" />
		<Unit filename="gpu/impl/IVFFlat.cu" />
		<Unit filename="gpu/impl/IVFFlat.cuh" />
		<Unit filename="gpu/impl/IVFFlatScan.cu" />
		<Unit filename="gpu/impl/IVFFlatScan.cuh" />
		<Unit filename="gpu/impl/IVFPQ.cu" />
		<Unit filename="gpu/impl/IVFPQ.cuh" />
		<Unit filename="gpu/impl/IVFUtils.cu" />
		<Unit filename="gpu/impl/IVFUtils.cuh" />
		<Unit filename="gpu/impl/IVFUtilsSelect1.cu" />
		<Unit filename="gpu/impl/IVFUtilsSelect2.cu" />
		<Unit filename="gpu/impl/InvertedListAppend.cu" />
		<Unit filename="gpu/impl/InvertedListAppend.cuh" />
		<Unit filename="gpu/impl/L2Norm.cu" />
		<Unit filename="gpu/impl/L2Norm.cuh" />
		<Unit filename="gpu/impl/L2Select.cu" />
		<Unit filename="gpu/impl/L2Select.cuh" />
		<Unit filename="gpu/impl/PQCodeDistances.cu" />
		<Unit filename="gpu/impl/PQCodeDistances.cuh" />
		<Unit filename="gpu/impl/PQCodeLoad.cuh" />
		<Unit filename="gpu/impl/PQScanMultiPassNoPrecomputed.cu" />
		<Unit filename="gpu/impl/PQScanMultiPassNoPrecomputed.cuh" />
		<Unit filename="gpu/impl/PQScanMultiPassPrecomputed.cu" />
		<Unit filename="gpu/impl/PQScanMultiPassPrecomputed.cuh" />
		<Unit filename="gpu/impl/RemapIndices.cpp" />
		<Unit filename="gpu/impl/RemapIndices.h" />
		<Unit filename="gpu/impl/VectorResidual.cu" />
		<Unit filename="gpu/impl/VectorResidual.cuh" />
		<Unit filename="gpu/perf/CompareFlat.cu" />
		<Unit filename="gpu/perf/CompareIVFFlat.cu" />
		<Unit filename="gpu/perf/CompareIVFPQ.cu" />
		<Unit filename="gpu/perf/CompareIVFPQGrid.cu" />
		<Unit filename="gpu/perf/IndexWrapper-inl.h" />
		<Unit filename="gpu/perf/IndexWrapper.h" />
		<Unit filename="gpu/perf/PerfClustering.cpp" />
		<Unit filename="gpu/perf/PerfIVFPQAdd.cpp" />
		<Unit filename="gpu/perf/PerfSelect.cu" />
		<Unit filename="gpu/perf/WriteIndex.cpp" />
		<Unit filename="gpu/test/CMakeLists.txt" />
		<Unit filename="gpu/test/TestGpuIndexFlat.cpp" />
		<Unit filename="gpu/test/TestGpuIndexIVFFlat.cpp" />
		<Unit filename="gpu/test/TestGpuIndexIVFPQ.cpp" />
		<Unit filename="gpu/test/TestGpuSelect.cu" />
		<Unit filename="gpu/test/TestUtils.cpp" />
		<Unit filename="gpu/test/TestUtils.h" />
		<Unit filename="gpu/test/deep1b16_createdb.cpp" />
		<Unit filename="gpu/test/deep1b16_query.cpp" />
		<Unit filename="gpu/test/deep1b_createdb.cpp" />
		<Unit filename="gpu/test/deep1b_createdb_hnsw.cpp" />
		<Unit filename="gpu/test/deep1b_query.cpp" />
		<Unit filename="gpu/test/deep1b_query1.cpp" />
		<Unit filename="gpu/test/deep1b_query2.cpp" />
		<Unit filename="gpu/test/demo_ivfpq_indexing_gpu.cpp" />
		<Unit filename="gpu/test/demo_ivfpq_line_indexing_gpu.cpp" />
		<Unit filename="gpu/test/sift1b16_createdb.cpp" />
		<Unit filename="gpu/test/sift1b16_query.cpp" />
		<Unit filename="gpu/test/sift1b_createdb.cpp" />
		<Unit filename="gpu/test/sift1b_createdb_hnsw.cpp" />
		<Unit filename="gpu/test/sift1b_query.cpp" />
		<Unit filename="gpu/test/sift1b_query1.cpp" />
		<Unit filename="gpu/test/sift1b_query2.cpp" />
		<Unit filename="gpu/test/test_gpu_index.py" />
		<Unit filename="gpu/test/tool_createdb.cpp" />
		<Unit filename="gpu/test/tool_query.cpp" />
		<Unit filename="gpu/test/tool_query1.cpp" />
		<Unit filename="gpu/test/transform_deep1b.cpp" />
		<Unit filename="gpu/test/transform_sift1b.cpp" />
		<Unit filename="gpu/utils/BlockSelectFloat.cu" />
		<Unit filename="gpu/utils/BlockSelectHalf.cu" />
		<Unit filename="gpu/utils/BlockSelectKernel.cuh" />
		<Unit filename="gpu/utils/Comparators.cuh" />
		<Unit filename="gpu/utils/ConversionOperators.cuh" />
		<Unit filename="gpu/utils/CopyUtils.cuh" />
		<Unit filename="gpu/utils/DeviceDefs.cuh" />
		<Unit filename="gpu/utils/DeviceMemory.cpp" />
		<Unit filename="gpu/utils/DeviceMemory.h" />
		<Unit filename="gpu/utils/DeviceTensor-inl.cuh" />
		<Unit filename="gpu/utils/DeviceTensor.cuh" />
		<Unit filename="gpu/utils/DeviceUtils.cpp" />
		<Unit filename="gpu/utils/DeviceUtils.h" />
		<Unit filename="gpu/utils/DeviceVector.cuh" />
		<Unit filename="gpu/utils/Float16.cu" />
		<Unit filename="gpu/utils/Float16.cuh" />
		<Unit filename="gpu/utils/HostTensor-inl.cuh" />
		<Unit filename="gpu/utils/HostTensor.cuh" />
		<Unit filename="gpu/utils/Limits.cuh" />
		<Unit filename="gpu/utils/LoadStoreOperators.cuh" />
		<Unit filename="gpu/utils/MathOperators.cuh" />
		<Unit filename="gpu/utils/MatrixMult.cu" />
		<Unit filename="gpu/utils/MatrixMult.cuh" />
		<Unit filename="gpu/utils/MemorySpace.cpp" />
		<Unit filename="gpu/utils/MemorySpace.h" />
		<Unit filename="gpu/utils/MergeNetworkBlock.cuh" />
		<Unit filename="gpu/utils/MergeNetworkUtils.cuh" />
		<Unit filename="gpu/utils/MergeNetworkWarp.cuh" />
		<Unit filename="gpu/utils/NoTypeTensor.cuh" />
		<Unit filename="gpu/utils/Pair.cuh" />
		<Unit filename="gpu/utils/PtxUtils.cuh" />
		<Unit filename="gpu/utils/ReductionOperators.cuh" />
		<Unit filename="gpu/utils/Reductions.cuh" />
		<Unit filename="gpu/utils/Select.cuh" />
		<Unit filename="gpu/utils/StackDeviceMemory.cpp" />
		<Unit filename="gpu/utils/StackDeviceMemory.h" />
		<Unit filename="gpu/utils/StaticUtils.h" />
		<Unit filename="gpu/utils/Tensor-inl.cuh" />
		<Unit filename="gpu/utils/Tensor.cuh" />
		<Unit filename="gpu/utils/ThrustAllocator.cuh" />
		<Unit filename="gpu/utils/Timer.cpp" />
		<Unit filename="gpu/utils/Timer.h" />
		<Unit filename="gpu/utils/Transpose.cuh" />
		<Unit filename="gpu/utils/WarpSelectFloat.cu" />
		<Unit filename="gpu/utils/WarpSelectHalf.cu" />
		<Unit filename="gpu/utils/WarpSelectKernel.cuh" />
		<Unit filename="gpu/utils/WarpShuffles.cuh" />
		<Unit filename="gpu/utils/WorkerThread.cpp" />
		<Unit filename="gpu/utils/WorkerThread.h" />
		<Unit filename="gpu/utils/bitonicSort.cuh" />
		<Unit filename="gpu/utils/blockselect/BlockSelectFloat1.cu" />
		<Unit filename="gpu/utils/blockselect/BlockSelectFloat128.cu" />
		<Unit filename="gpu/utils/blockselect/BlockSelectFloat256.cu" />
		<Unit filename="gpu/utils/blockselect/BlockSelectFloat32.cu" />
		<Unit filename="gpu/utils/blockselect/BlockSelectFloat64.cu" />
		<Unit filename="gpu/utils/blockselect/BlockSelectFloatF1024.cu" />
		<Unit filename="gpu/utils/blockselect/BlockSelectFloatF512.cu" />
		<Unit filename="gpu/utils/blockselect/BlockSelectFloatT1024.cu" />
		<Unit filename="gpu/utils/blockselect/BlockSelectFloatT512.cu" />
		<Unit filename="gpu/utils/blockselect/BlockSelectHalf1.cu" />
		<Unit filename="gpu/utils/blockselect/BlockSelectHalf128.cu" />
		<Unit filename="gpu/utils/blockselect/BlockSelectHalf256.cu" />
		<Unit filename="gpu/utils/blockselect/BlockSelectHalf32.cu" />
		<Unit filename="gpu/utils/blockselect/BlockSelectHalf64.cu" />
		<Unit filename="gpu/utils/blockselect/BlockSelectHalfF1024.cu" />
		<Unit filename="gpu/utils/blockselect/BlockSelectHalfF512.cu" />
		<Unit filename="gpu/utils/blockselect/BlockSelectHalfT1024.cu" />
		<Unit filename="gpu/utils/blockselect/BlockSelectHalfT512.cu" />
		<Unit filename="gpu/utils/blockselect/BlockSelectImpl.cuh" />
		<Unit filename="gpu/utils/helper.cu" />
		<Unit filename="gpu/utils/helper.cuh" />
		<Unit filename="gpu/utils/nvidia/fp16_emu.cu" />
		<Unit filename="gpu/utils/nvidia/fp16_emu.cuh" />
		<Unit filename="gpu/utils/triangle.cuh" />
		<Unit filename="gpu/utils/warpselect/WarpSelectFloat1.cu" />
		<Unit filename="gpu/utils/warpselect/WarpSelectFloat128.cu" />
		<Unit filename="gpu/utils/warpselect/WarpSelectFloat256.cu" />
		<Unit filename="gpu/utils/warpselect/WarpSelectFloat32.cu" />
		<Unit filename="gpu/utils/warpselect/WarpSelectFloat64.cu" />
		<Unit filename="gpu/utils/warpselect/WarpSelectFloatF1024.cu" />
		<Unit filename="gpu/utils/warpselect/WarpSelectFloatF512.cu" />
		<Unit filename="gpu/utils/warpselect/WarpSelectFloatT1024.cu" />
		<Unit filename="gpu/utils/warpselect/WarpSelectFloatT512.cu" />
		<Unit filename="gpu/utils/warpselect/WarpSelectHalf1.cu" />
		<Unit filename="gpu/utils/warpselect/WarpSelectHalf128.cu" />
		<Unit filename="gpu/utils/warpselect/WarpSelectHalf256.cu" />
		<Unit filename="gpu/utils/warpselect/WarpSelectHalf32.cu" />
		<Unit filename="gpu/utils/warpselect/WarpSelectHalf64.cu" />
		<Unit filename="gpu/utils/warpselect/WarpSelectHalfF1024.cu" />
		<Unit filename="gpu/utils/warpselect/WarpSelectHalfF512.cu" />
		<Unit filename="gpu/utils/warpselect/WarpSelectHalfT1024.cu" />
		<Unit filename="gpu/utils/warpselect/WarpSelectHalfT512.cu" />
		<Unit filename="gpu/utils/warpselect/WarpSelectImpl.cuh" />
		<Unit filename="hamming.cpp" />
		<Unit filename="hamming.h" />
		<Unit filename="index_io.cpp" />
		<Unit filename="index_io.h" />
		<Unit filename="makefile.inc" />
		<Unit filename="pqhash/pqhash.layout" />
		<Unit filename="python/demo_auto_tune.py" />
		<Unit filename="python/demo_ivfpq.py" />
		<Unit filename="python/swigfaiss.py" />
		<Unit filename="python/swigfaiss.pyc" />
		<Unit filename="python/swigfaiss_gpu.py" />
		<Unit filename="python/swigfaiss_gpu.pyc" />
		<Unit filename="python/swigfaiss_gpu_wrap.cxx" />
		<Unit filename="python/swigfaiss_wrap.cxx" />
		<Unit filename="swigfaiss.swig" />
		<Unit filename="tests/CMakeLists.txt" />
		<Unit filename="tests/deep1b16_imi_pq.cpp" />
		<Unit filename="tests/deep1b_imi_pq.cpp" />
		<Unit filename="tests/deep1b_imi_pq1.cpp" />
		<Unit filename="tests/deep1b_imi_pq2.cpp" />
		<Unit filename="tests/demo_imi_flat.cpp" />
		<Unit filename="tests/demo_imi_pq.cpp" />
		<Unit filename="tests/demo_ivfpq_indexing.cpp" />
		<Unit filename="tests/demo_sift1M.cpp" />
		<Unit filename="tests/sift1b16_imi_pq.cpp" />
		<Unit filename="tests/sift1b_imi_pq.cpp" />
		<Unit filename="tests/sift1b_imi_pq1.cpp" />
		<Unit filename="tests/sift1b_imi_pq2.cpp" />
		<Unit filename="tests/test_blas" />
		<Unit filename="tests/test_blas.cpp" />
		<Unit filename="tests/test_build_blocks.py" />
		<Unit filename="tests/test_index.py" />
		<Unit filename="tests/test_index_composite.py" />
		<Unit filename="tests/test_ivfpq_codec.cpp" />
		<Unit filename="tests/test_ivfpq_indexing.cpp" />
		<Unit filename="utils.cpp" />
		<Unit filename="utils.h" />
		<Extensions>
			<code_completion />
			<envvars />
			<debugger />
			<lib_finder disable_auto="1" />
		</Extensions>
	</Project>
</CodeBlocks_project_file>
